
Microsoft Visual Studio Solution File, Format Version 12.00
# Visual Studio Version 16
VisualStudioVersion = 16.0.30621.155
MinimumVisualStudioVersion = 10.0.40219.1
Project("{FAE04EC0-301F-11D3-BF4B-00C04F79EFBC}") = "CharacterSheetApp", "CharacterSheetApp\CharacterSheetApp.csproj", "{70790889-0ADC-457E-BF3F-D4A72CC09B07}"
EndProject
Global
	GlobalSection(SolutionConfigurationPlatforms) = preSolution
		Debug|Any CPU = Debug|Any CPU
		Release|Any CPU = Release|Any CPU
	EndGlobalSection
	GlobalSection(ProjectConfigurationPlatforms) = postSolution
		{70790889-0ADC-457E-BF3F-D4A72CC09B07}.Debug|Any CPU.ActiveCfg = Debug|Any CPU
		{70790889-0ADC-457E-BF3F-D4A72CC09B07}.Debug|Any CPU.Build.0 = Debug|Any CPU
		{70790889-0ADC-457E-BF3F-D4A72CC09B07}.Release|Any CPU.ActiveCfg = Release|Any CPU
		{70790889-0ADC-457E-BF3F-D4A72CC09B07}.Release|Any CPU.Build.0 = Release|Any CPU
	EndGlobalSection
	GlobalSection(SolutionProperties) = preSolution
		HideSolutionNode = FALSE
	EndGlobalSection
	GlobalSection(ExtensibilityGlobals) = postSolution
		SolutionGuid = {4236128B-3E9E-4E83-B64F-BA8932525D02}
	EndGlobalSection
EndGlobal
